
Microsoft Visual Studio Solution File, Format Version 12.00
# Visual Studio Version 16
VisualStudioVersion = 16.0.30406.217
MinimumVisualStudioVersion = 10.0.40219.1
Project("{FAE04EC0-301F-11D3-BF4B-00C04F79EFBC}") = "MeyerFærdig", "MeyerFærdig.csproj", "{BFC942D6-D58F-40FE-93FA-82CDBC53ADBF}"
EndProject
Global
	GlobalSection(SolutionConfigurationPlatforms) = preSolution
		Debug|Any CPU = Debug|Any CPU
		Release|Any CPU = Release|Any CPU
	EndGlobalSection
	GlobalSection(ProjectConfigurationPlatforms) = postSolution
		{BFC942D6-D58F-40FE-93FA-82CDBC53ADBF}.Debug|Any CPU.ActiveCfg = Debug|Any CPU
		{BFC942D6-D58F-40FE-93FA-82CDBC53ADBF}.Debug|Any CPU.Build.0 = Debug|Any CPU
		{BFC942D6-D58F-40FE-93FA-82CDBC53ADBF}.Release|Any CPU.ActiveCfg = Release|Any CPU
		{BFC942D6-D58F-40FE-93FA-82CDBC53ADBF}.Release|Any CPU.Build.0 = Release|Any CPU
	EndGlobalSection
	GlobalSection(SolutionProperties) = preSolution
		HideSolutionNode = FALSE
	EndGlobalSection
	GlobalSection(ExtensibilityGlobals) = postSolution
		SolutionGuid = {F0E4ECBA-0317-4A6C-A3B5-D05520793995}
	EndGlobalSection
EndGlobal
